
Microsoft Visual Studio Solution File, Format Version 12.00
# Visual Studio Version 16
VisualStudioVersion = 16.0.30717.126
MinimumVisualStudioVersion = 10.0.40219.1
Project("{FAE04EC0-301F-11D3-BF4B-00C04F79EFBC}") = "EventScheduler.Website", "EventScheduler.Website\EventScheduler.Website.csproj", "{070A748F-ED78-455F-816E-A755978F7F3B}"
EndProject
Project("{FAE04EC0-301F-11D3-BF4B-00C04F79EFBC}") = "EventScheduler.MeetupApi", "EventScheduler.MeetupApi\EventScheduler.MeetupApi.csproj", "{FF7A3E92-D217-4757-A82A-03A160263C0D}"
EndProject
Global
	GlobalSection(SolutionConfigurationPlatforms) = preSolution
		Debug|Any CPU = Debug|Any CPU
		Release|Any CPU = Release|Any CPU
	EndGlobalSection
	GlobalSection(ProjectConfigurationPlatforms) = postSolution
		{070A748F-ED78-455F-816E-A755978F7F3B}.Debug|Any CPU.ActiveCfg = Debug|Any CPU
		{070A748F-ED78-455F-816E-A755978F7F3B}.Debug|Any CPU.Build.0 = Debug|Any CPU
		{070A748F-ED78-455F-816E-A755978F7F3B}.Release|Any CPU.ActiveCfg = Release|Any CPU
		{070A748F-ED78-455F-816E-A755978F7F3B}.Release|Any CPU.Build.0 = Release|Any CPU
		{FF7A3E92-D217-4757-A82A-03A160263C0D}.Debug|Any CPU.ActiveCfg = Debug|Any CPU
		{FF7A3E92-D217-4757-A82A-03A160263C0D}.Debug|Any CPU.Build.0 = Debug|Any CPU
		{FF7A3E92-D217-4757-A82A-03A160263C0D}.Release|Any CPU.ActiveCfg = Release|Any CPU
		{FF7A3E92-D217-4757-A82A-03A160263C0D}.Release|Any CPU.Build.0 = Release|Any CPU
	EndGlobalSection
	GlobalSection(SolutionProperties) = preSolution
		HideSolutionNode = FALSE
	EndGlobalSection
	GlobalSection(ExtensibilityGlobals) = postSolution
		SolutionGuid = {D16768BC-E3C0-4AF2-820F-4CDD437D19D4}
	EndGlobalSection
EndGlobal
